
Microsoft Visual Studio Solution File, Format Version 12.00
# Visual Studio Version 17
VisualStudioVersion = 17.2.32630.192
MinimumVisualStudioVersion = 10.0.40219.1
Project("{8BC9CEB8-8B4A-11D0-8D11-00A0C91BC942}") = "Tree_project", "Tree_project\Tree_project.vcxproj", "{178D860E-C27C-41CD-810B-5DBB70E43D40}"
EndProject
Global
	GlobalSection(SolutionConfigurationPlatforms) = preSolution
		Debug|x64 = Debug|x64
		Debug|x86 = Debug|x86
		Release|x64 = Release|x64
		Release|x86 = Release|x86
	EndGlobalSection
	GlobalSection(ProjectConfigurationPlatforms) = postSolution
		{178D860E-C27C-41CD-810B-5DBB70E43D40}.Debug|x64.ActiveCfg = Debug|x64
		{178D860E-C27C-41CD-810B-5DBB70E43D40}.Debug|x64.Build.0 = Debug|x64
		{178D860E-C27C-41CD-810B-5DBB70E43D40}.Debug|x86.ActiveCfg = Debug|Win32
		{178D860E-C27C-41CD-810B-5DBB70E43D40}.Debug|x86.Build.0 = Debug|Win32
		{178D860E-C27C-41CD-810B-5DBB70E43D40}.Release|x64.ActiveCfg = Release|x64
		{178D860E-C27C-41CD-810B-5DBB70E43D40}.Release|x64.Build.0 = Release|x64
		{178D860E-C27C-41CD-810B-5DBB70E43D40}.Release|x86.ActiveCfg = Release|Win32
		{178D860E-C27C-41CD-810B-5DBB70E43D40}.Release|x86.Build.0 = Release|Win32
	EndGlobalSection
	GlobalSection(SolutionProperties) = preSolution
		HideSolutionNode = FALSE
	EndGlobalSection
	GlobalSection(ExtensibilityGlobals) = postSolution
		SolutionGuid = {F8046988-A19E-4863-8234-83AACB99C8E9}
	EndGlobalSection
EndGlobal
